# This file was autogenerated by Stack.
# You should not edit this file by hand.
# For more information, please see the documentation at:
#   https://docs.haskellstack.org/en/stable/lock_files

packages:
- completed:
    commit: 1ef68493f2f769102f735b2190d30e18e28b09fe
    git: https://github.com/AlistairB/base-noprelude.git
    name: base-noprelude
    pantry-tree:
      sha256: 354a251bace938954e528c52766ffb1c52ed4ca6cc29da916d3dc1e4762b0f53
      size: 823
    version: 4.16.4.0
  original:
    commit: 1ef68493f2f769102f735b2190d30e18e28b09fe
    git: https://github.com/AlistairB/base-noprelude.git
- completed:
    commit: 33a01d3d9a29203dfc7b31bcaafdc24149123ca5
    git: https://github.com/emilypi/nonempty-vector.git
    name: nonempty-vector
    pantry-tree:
      sha256: dbd137bbaca1d5e8b717c33d09cac960c35b9009a080fc9235fe4b17b5422a9b
      size: 881
    version: 0.2.1.0
  original:
    commit: 33a01d3d9a29203dfc7b31bcaafdc24149123ca5
    git: https://github.com/emilypi/nonempty-vector.git
- completed:
    commit: f8cb8bc10d3e9d275fa995b0d01ba2d1eeaa700b
    git: https://github.com/AlistairB/servant-github-webhook.git
    name: servant-github-webhook
    pantry-tree:
      sha256: dc8e86b7e441351496ede201fcc6dc3fcfb96862d2be7559ecf72ed9f11a3c99
      size: 730
    version: 0.4.2.0
  original:
    commit: f8cb8bc10d3e9d275fa995b0d01ba2d1eeaa700b
    git: https://github.com/AlistairB/servant-github-webhook.git
- completed:
    commit: a16cd9d3c49c29a79b41d20dddbe01fe03c78809
    git: https://github.com/AlistairB/gogol.git
    name: gogol-core
    pantry-tree:
      sha256: b4733ae6f85011afdb77c1cf710dc33bfb1018befe6141b86ade305db6b499bb
      size: 732
    subdir: core
    version: 0.5.0
  original:
    commit: a16cd9d3c49c29a79b41d20dddbe01fe03c78809
    git: https://github.com/AlistairB/gogol.git
    subdir: core
- completed:
    commit: a16cd9d3c49c29a79b41d20dddbe01fe03c78809
    git: https://github.com/AlistairB/gogol.git
    name: gogol
    pantry-tree:
      sha256: 4225ba4923457012edeeb3d7b085804c8eb75603cef155b4889b054eeb908bf5
      size: 1289
    subdir: gogol
    version: 0.5.0
  original:
    commit: a16cd9d3c49c29a79b41d20dddbe01fe03c78809
    git: https://github.com/AlistairB/gogol.git
    subdir: gogol
- completed:
    commit: a16cd9d3c49c29a79b41d20dddbe01fe03c78809
    git: https://github.com/AlistairB/gogol.git
    name: gogol-logging
    pantry-tree:
      sha256: 6cfc19d4e314215279167c12751fe81f84280c296a6fd6f204b33bd7c7f64104
      size: 7969
    subdir: gogol-logging
    version: 0.5.0
  original:
    commit: a16cd9d3c49c29a79b41d20dddbe01fe03c78809
    git: https://github.com/AlistairB/gogol.git
    subdir: gogol-logging
- completed:
    commit: a16cd9d3c49c29a79b41d20dddbe01fe03c78809
    git: https://github.com/AlistairB/gogol.git
    name: gogol-pubsub
    pantry-tree:
      sha256: bac27345ef6cb3cc59ef01fd6390e8d4b424b4a3d90bb31a87d1417fa7d5a9de
      size: 4053
    subdir: gogol-pubsub
    version: 0.5.0
  original:
    commit: a16cd9d3c49c29a79b41d20dddbe01fe03c78809
    git: https://github.com/AlistairB/gogol.git
    subdir: gogol-pubsub
- completed:
    commit: a16cd9d3c49c29a79b41d20dddbe01fe03c78809
    git: https://github.com/AlistairB/gogol.git
    name: gogol-cloudtrace
    pantry-tree:
      sha256: 470df55d14e0d803db8db1a79c82801db5c916044197325414d2a483c91ad3c5
      size: 852
    subdir: gogol-cloudtrace
    version: 0.5.0
  original:
    commit: a16cd9d3c49c29a79b41d20dddbe01fe03c78809
    git: https://github.com/AlistairB/gogol.git
    subdir: gogol-cloudtrace
- completed:
    commit: a16cd9d3c49c29a79b41d20dddbe01fe03c78809
    git: https://github.com/AlistairB/gogol.git
    name: gogol-monitoring
    pantry-tree:
      sha256: b7ade01ed1f4fb6519045f546101afef769193c01f951ab0d8a6e2cd8b00597f
      size: 4766
    subdir: gogol-monitoring
    version: 0.5.0
  original:
    commit: a16cd9d3c49c29a79b41d20dddbe01fe03c78809
    git: https://github.com/AlistairB/gogol.git
    subdir: gogol-monitoring
- completed:
    commit: a16cd9d3c49c29a79b41d20dddbe01fe03c78809
    git: https://github.com/AlistairB/gogol.git
    name: gogol-secretmanager
    pantry-tree:
      sha256: 381e9fede686b3205803ecf61edd2c56ce2ab38e2763f9ec5d29b1ec8ec55d34
      size: 3330
    subdir: gogol-secretmanager
    version: 0.5.0
  original:
    commit: a16cd9d3c49c29a79b41d20dddbe01fe03c78809
    git: https://github.com/AlistairB/gogol.git
    subdir: gogol-secretmanager
- completed:
    hackage: fused-effects-th-0.1.0.3@sha256:04c88cb5af8c2bd4c44f8acf2ae2df47bb4bbec9c7c21ad452eb483473f2e72c,2315
    pantry-tree:
      sha256: ccc47aae446dd2c933985a03c89ee4072e5b0b980ea2de04fe4f091071d58193
      size: 333
  original:
    hackage: fused-effects-th-0.1.0.3
- completed:
    hackage: fused-effects-random-1.1.0.0@sha256:3965df32bed849da187e00f858f48cb640e1e4f85416e2d72191aeedfdde09de,1554
    pantry-tree:
      sha256: 5728820651e2dc0d3c5a3fa428dcbc3543a230d091dfa3bf32ba09e636ff570f
      size: 407
  original:
    hackage: fused-effects-random-1.1.0.0
- completed:
    hackage: tomland-1.3.3.2@sha256:0b4a24f8584f636b7799d9044586762967978f9c225392493307617057f0d288,9063
    pantry-tree:
      sha256: 2fd674ad63b03bf97a15d159b460e5cc91f1fbdc87a71a191fff380994c86fba
      size: 6430
  original:
    hackage: tomland-1.3.3.2
- completed:
    hackage: validation-selective-0.1.0.1@sha256:9a5aa8b801efc6a4ffb120e1b28e80c5f7d090043be56bba11222cd20c393044,3621
    pantry-tree:
      sha256: bf72fe4304690da4b5bc6e5218b0f90b5613e7d658f3ce31731816a423fcbca6
      size: 696
  original:
    hackage: validation-selective-0.1.0.1
- completed:
    hackage: weeder-2.4.1@sha256:c770961b5f2d32f21eb9499954758eaf68044fc488439e2e6acf4fe1757f00d5,1959
    pantry-tree:
      sha256: 26b9aa41d2fa2555e5699004e34fae3d39a8163310e39ef46789180bf176cc40
      size: 439
  original:
    hackage: weeder-2.4.1
snapshots:
- completed:
    sha256: adbc602422dde10cc330175da7de8609e70afc41449a7e2d6e8b1827aa0e5008
    size: 649342
    url: https://raw.githubusercontent.com/commercialhaskell/stackage-snapshots/master/lts/20/11.yaml
  original: lts-20.11
