# This file was autogenerated by Stack.
# You should not edit this file by hand.
# For more information, please see the documentation at:
#   https://docs.haskellstack.org/en/stable/lock_files

packages: []
snapshots:
- completed:
    sha256: ad834f0b2150fb2562a1cef791a8482d1deb7ff9c584a4a96c72262184662e11
    size: 596586
    url: https://raw.githubusercontent.com/commercialhaskell/stackage-snapshots/master/nightly/2023/2/3.yaml
  original: nightly-2023-02-03
